// !$*UTF8*$!
{
	archiveVersion = 1;
	classes = {
	};
	objectVersion = 56;
	objects = {

/* Begin PBXBuildFile section */
		44CA098B2B4B3FD700E150DC /* AppDelegate.swift in Sources */ = {isa = PBXBuildFile; fileRef = 44CA098A2B4B3FD700E150DC /* AppDelegate.swift */; };
		44CA098D2B4B3FD700E150DC /* SceneDelegate.swift in Sources */ = {isa = PBXBuildFile; fileRef = 44CA098C2B4B3FD700E150DC /* SceneDelegate.swift */; };
		44CA098F2B4B3FD700E150DC /* TokenizerViewController.swift in Sources */ = {isa = PBXBuildFile; fileRef = 44CA098E2B4B3FD700E150DC /* TokenizerViewController.swift */; };
		44CA09942B4B3FDA00E150DC /* Assets.xcassets in Resources */ = {isa = PBXBuildFile; fileRef = 44CA09932B4B3FDA00E150DC /* Assets.xcassets */; };
		44CA09972B4B3FDA00E150DC /* LaunchScreen.storyboard in Resources */ = {isa = PBXBuildFile; fileRef = 44CA09952B4B3FDA00E150DC /* LaunchScreen.storyboard */; };
		44CA099F2B4B45BD00E150DC /* Tokenizer.swift in Sources */ = {isa = PBXBuildFile; fileRef = 44CA099E2B4B45BD00E150DC /* Tokenizer.swift */; };
		44CA09A72B4B4B2000E150DC /* TokenAppTests.swift in Sources */ = {isa = PBXBuildFile; fileRef = 44CA09A62B4B4B2000E150DC /* TokenAppTests.swift */; };
		44CA09AF2B4B550500E150DC /* AppColorEnum.swift in Sources */ = {isa = PBXBuildFile; fileRef = 44CA09AE2B4B550500E150DC /* AppColorEnum.swift */; };
		44CA09B22B4B55DC00E150DC /* UIColor.swift in Sources */ = {isa = PBXBuildFile; fileRef = 44CA09B12B4B55DC00E150DC /* UIColor.swift */; };
		44CA09B52B4CBD5900E150DC /* NonEditableTextView.swift in Sources */ = {isa = PBXBuildFile; fileRef = 44CA09B42B4CBD5900E150DC /* NonEditableTextView.swift */; };
		44CA09B82B4CBDAE00E150DC /* LanguageDetector.swift in Sources */ = {isa = PBXBuildFile; fileRef = 44CA09B72B4CBDAE00E150DC /* LanguageDetector.swift */; };
		44CA09BB2B4CBDD500E150DC /* Language.swift in Sources */ = {isa = PBXBuildFile; fileRef = 44CA09BA2B4CBDD500E150DC /* Language.swift */; };
		44CA09BD2B4CBF0800E150DC /* TokenizerView.swift in Sources */ = {isa = PBXBuildFile; fileRef = 44CA09BC2B4CBF0800E150DC /* TokenizerView.swift */; };
		44CA09C02B4CC08600E150DC /* TokenizerProtocol.swift in Sources */ = {isa = PBXBuildFile; fileRef = 44CA09BF2B4CC08600E150DC /* TokenizerProtocol.swift */; };
		44CA09C22B4CC0A500E150DC /* LanguageDetectorProtocol.swift in Sources */ = {isa = PBXBuildFile; fileRef = 44CA09C12B4CC0A500E150DC /* LanguageDetectorProtocol.swift */; };
		44CA09C42B4CC2C800E150DC /* TokenizerViewControllerAssembly.swift in Sources */ = {isa = PBXBuildFile; fileRef = 44CA09C32B4CC2C800E150DC /* TokenizerViewControllerAssembly.swift */; };
		44CA09C82B4CC3BD00E150DC /* TokenizerViewProtocol.swift in Sources */ = {isa = PBXBuildFile; fileRef = 44CA09C72B4CC3BD00E150DC /* TokenizerViewProtocol.swift */; };
		44CA09CA2B4CC3CF00E150DC /* TokenizerViewProtocolDelegate.swift in Sources */ = {isa = PBXBuildFile; fileRef = 44CA09C92B4CC3CE00E150DC /* TokenizerViewProtocolDelegate.swift */; };
/* End PBXBuildFile section */

/* Begin PBXContainerItemProxy section */
		44CA09A82B4B4B2000E150DC /* PBXContainerItemProxy */ = {
			isa = PBXContainerItemProxy;
			containerPortal = 44CA097F2B4B3FD700E150DC /* Project object */;
			proxyType = 1;
			remoteGlobalIDString = 44CA09862B4B3FD700E150DC;
			remoteInfo = TokenApp;
		};
/* End PBXContainerItemProxy section */

/* Begin PBXFileReference section */
		44CA09872B4B3FD700E150DC /* TokenApp.app */ = {isa = PBXFileReference; explicitFileType = wrapper.application; includeInIndex = 0; path = TokenApp.app; sourceTree = BUILT_PRODUCTS_DIR; };
		44CA098A2B4B3FD700E150DC /* AppDelegate.swift */ = {isa = PBXFileReference; lastKnownFileType = sourcecode.swift; path = AppDelegate.swift; sourceTree = "<group>"; };
		44CA098C2B4B3FD700E150DC /* SceneDelegate.swift */ = {isa = PBXFileReference; lastKnownFileType = sourcecode.swift; path = SceneDelegate.swift; sourceTree = "<group>"; };
		44CA098E2B4B3FD700E150DC /* TokenizerViewController.swift */ = {isa = PBXFileReference; lastKnownFileType = sourcecode.swift; path = TokenizerViewController.swift; sourceTree = "<group>"; };
		44CA09932B4B3FDA00E150DC /* Assets.xcassets */ = {isa = PBXFileReference; lastKnownFileType = folder.assetcatalog; path = Assets.xcassets; sourceTree = "<group>"; };
		44CA09962B4B3FDA00E150DC /* Base */ = {isa = PBXFileReference; lastKnownFileType = file.storyboard; name = Base; path = Base.lproj/LaunchScreen.storyboard; sourceTree = "<group>"; };
		44CA09982B4B3FDA00E150DC /* Info.plist */ = {isa = PBXFileReference; lastKnownFileType = text.plist.xml; path = Info.plist; sourceTree = "<group>"; };
		44CA099E2B4B45BD00E150DC /* Tokenizer.swift */ = {isa = PBXFileReference; lastKnownFileType = sourcecode.swift; path = Tokenizer.swift; sourceTree = "<group>"; };
		44CA09A42B4B4B2000E150DC /* TokenAppTests.xctest */ = {isa = PBXFileReference; explicitFileType = wrapper.cfbundle; includeInIndex = 0; path = TokenAppTests.xctest; sourceTree = BUILT_PRODUCTS_DIR; };
		44CA09A62B4B4B2000E150DC /* TokenAppTests.swift */ = {isa = PBXFileReference; lastKnownFileType = sourcecode.swift; path = TokenAppTests.swift; sourceTree = "<group>"; };
		44CA09AE2B4B550500E150DC /* AppColorEnum.swift */ = {isa = PBXFileReference; lastKnownFileType = sourcecode.swift; path = AppColorEnum.swift; sourceTree = "<group>"; };
		44CA09B12B4B55DC00E150DC /* UIColor.swift */ = {isa = PBXFileReference; lastKnownFileType = sourcecode.swift; path = UIColor.swift; sourceTree = "<group>"; };
		44CA09B42B4CBD5900E150DC /* NonEditableTextView.swift */ = {isa = PBXFileReference; lastKnownFileType = sourcecode.swift; path = NonEditableTextView.swift; sourceTree = "<group>"; };
		44CA09B72B4CBDAE00E150DC /* LanguageDetector.swift */ = {isa = PBXFileReference; lastKnownFileType = sourcecode.swift; path = LanguageDetector.swift; sourceTree = "<group>"; };
		44CA09BA2B4CBDD500E150DC /* Language.swift */ = {isa = PBXFileReference; lastKnownFileType = sourcecode.swift; path = Language.swift; sourceTree = "<group>"; };
		44CA09BC2B4CBF0800E150DC /* TokenizerView.swift */ = {isa = PBXFileReference; lastKnownFileType = sourcecode.swift; path = TokenizerView.swift; sourceTree = "<group>"; };
		44CA09BF2B4CC08600E150DC /* TokenizerProtocol.swift */ = {isa = PBXFileReference; lastKnownFileType = sourcecode.swift; path = TokenizerProtocol.swift; sourceTree = "<group>"; };
		44CA09C12B4CC0A500E150DC /* LanguageDetectorProtocol.swift */ = {isa = PBXFileReference; lastKnownFileType = sourcecode.swift; path = LanguageDetectorProtocol.swift; sourceTree = "<group>"; };
		44CA09C32B4CC2C800E150DC /* TokenizerViewControllerAssembly.swift */ = {isa = PBXFileReference; lastKnownFileType = sourcecode.swift; path = TokenizerViewControllerAssembly.swift; sourceTree = "<group>"; };
		44CA09C72B4CC3BD00E150DC /* TokenizerViewProtocol.swift */ = {isa = PBXFileReference; lastKnownFileType = sourcecode.swift; path = TokenizerViewProtocol.swift; sourceTree = "<group>"; };
		44CA09C92B4CC3CE00E150DC /* TokenizerViewProtocolDelegate.swift */ = {isa = PBXFileReference; lastKnownFileType = sourcecode.swift; path = TokenizerViewProtocolDelegate.swift; sourceTree = "<group>"; };
/* End PBXFileReference section */

/* Begin PBXFrameworksBuildPhase section */
		44CA09842B4B3FD700E150DC /* Frameworks */ = {
			isa = PBXFrameworksBuildPhase;
			buildActionMask = 2147483647;
			files = (
			);
			runOnlyForDeploymentPostprocessing = 0;
		};
		44CA09A12B4B4B2000E150DC /* Frameworks */ = {
			isa = PBXFrameworksBuildPhase;
			buildActionMask = 2147483647;
			files = (
			);
			runOnlyForDeploymentPostprocessing = 0;
		};
/* End PBXFrameworksBuildPhase section */

/* Begin PBXGroup section */
		44CA097E2B4B3FD700E150DC = {
			isa = PBXGroup;
			children = (
				44CA09892B4B3FD700E150DC /* TokenApp */,
				44CA09A52B4B4B2000E150DC /* TokenAppTests */,
				44CA09882B4B3FD700E150DC /* Products */,
			);
			sourceTree = "<group>";
		};
		44CA09882B4B3FD700E150DC /* Products */ = {
			isa = PBXGroup;
			children = (
				44CA09872B4B3FD700E150DC /* TokenApp.app */,
				44CA09A42B4B4B2000E150DC /* TokenAppTests.xctest */,
			);
			name = Products;
			sourceTree = "<group>";
		};
		44CA09892B4B3FD700E150DC /* TokenApp */ = {
			isa = PBXGroup;
			children = (
				44CA09B92B4CBDCE00E150DC /* Models */,
				44CA09B62B4CBD9700E150DC /* Services */,
				44CA09B32B4CBD4C00E150DC /* CommonViews */,
				44CA09B02B4B55CF00E150DC /* Extension */,
				44CA09AD2B4B54F400E150DC /* Entities */,
				44CA09C52B4CC39400E150DC /* TokenizerFlow */,
				44CA098A2B4B3FD700E150DC /* AppDelegate.swift */,
				44CA098C2B4B3FD700E150DC /* SceneDelegate.swift */,
				44CA09932B4B3FDA00E150DC /* Assets.xcassets */,
				44CA09952B4B3FDA00E150DC /* LaunchScreen.storyboard */,
				44CA09982B4B3FDA00E150DC /* Info.plist */,
			);
			path = TokenApp;
			sourceTree = "<group>";
		};
		44CA09A52B4B4B2000E150DC /* TokenAppTests */ = {
			isa = PBXGroup;
			children = (
				44CA09A62B4B4B2000E150DC /* TokenAppTests.swift */,
			);
			path = TokenAppTests;
			sourceTree = "<group>";
		};
		44CA09AD2B4B54F400E150DC /* Entities */ = {
			isa = PBXGroup;
			children = (
				44CA09AE2B4B550500E150DC /* AppColorEnum.swift */,
			);
			path = Entities;
			sourceTree = "<group>";
		};
		44CA09B02B4B55CF00E150DC /* Extension */ = {
			isa = PBXGroup;
			children = (
				44CA09B12B4B55DC00E150DC /* UIColor.swift */,
			);
			path = Extension;
			sourceTree = "<group>";
		};
		44CA09B32B4CBD4C00E150DC /* CommonViews */ = {
			isa = PBXGroup;
			children = (
				44CA09B42B4CBD5900E150DC /* NonEditableTextView.swift */,
			);
			path = CommonViews;
			sourceTree = "<group>";
		};
		44CA09B62B4CBD9700E150DC /* Services */ = {
			isa = PBXGroup;
			children = (
				44CA09BE2B4CC07500E150DC /* Contracts */,
				44CA099E2B4B45BD00E150DC /* Tokenizer.swift */,
				44CA09B72B4CBDAE00E150DC /* LanguageDetector.swift */,
			);
			path = Services;
			sourceTree = "<group>";
		};
		44CA09B92B4CBDCE00E150DC /* Models */ = {
			isa = PBXGroup;
			children = (
				44CA09BA2B4CBDD500E150DC /* Language.swift */,
			);
			path = Models;
			sourceTree = "<group>";
		};
		44CA09BE2B4CC07500E150DC /* Contracts */ = {
			isa = PBXGroup;
			children = (
				44CA09BF2B4CC08600E150DC /* TokenizerProtocol.swift */,
				44CA09C12B4CC0A500E150DC /* LanguageDetectorProtocol.swift */,
			);
			path = Contracts;
			sourceTree = "<group>";
		};
		44CA09C52B4CC39400E150DC /* TokenizerFlow */ = {
			isa = PBXGroup;
			children = (
				44CA09C62B4CC3B200E150DC /* Contracts */,
				44CA09BC2B4CBF0800E150DC /* TokenizerView.swift */,
				44CA098E2B4B3FD700E150DC /* TokenizerViewController.swift */,
				44CA09C32B4CC2C800E150DC /* TokenizerViewControllerAssembly.swift */,
			);
			path = TokenizerFlow;
			sourceTree = "<group>";
		};
		44CA09C62B4CC3B200E150DC /* Contracts */ = {
			isa = PBXGroup;
			children = (
				44CA09C72B4CC3BD00E150DC /* TokenizerViewProtocol.swift */,
				44CA09C92B4CC3CE00E150DC /* TokenizerViewProtocolDelegate.swift */,
			);
			path = Contracts;
			sourceTree = "<group>";
		};
/* End PBXGroup section */

/* Begin PBXNativeTarget section */
		44CA09862B4B3FD700E150DC /* TokenApp */ = {
			isa = PBXNativeTarget;
			buildConfigurationList = 44CA099B2B4B3FDA00E150DC /* Build configuration list for PBXNativeTarget "TokenApp" */;
			buildPhases = (
				44CA09832B4B3FD700E150DC /* Sources */,
				44CA09842B4B3FD700E150DC /* Frameworks */,
				44CA09852B4B3FD700E150DC /* Resources */,
			);
			buildRules = (
			);
			dependencies = (
			);
			name = TokenApp;
			productName = TokenApp;
			productReference = 44CA09872B4B3FD700E150DC /* TokenApp.app */;
			productType = "com.apple.product-type.application";
		};
		44CA09A32B4B4B2000E150DC /* TokenAppTests */ = {
			isa = PBXNativeTarget;
			buildConfigurationList = 44CA09AA2B4B4B2000E150DC /* Build configuration list for PBXNativeTarget "TokenAppTests" */;
			buildPhases = (
				44CA09A02B4B4B2000E150DC /* Sources */,
				44CA09A12B4B4B2000E150DC /* Frameworks */,
				44CA09A22B4B4B2000E150DC /* Resources */,
			);
			buildRules = (
			);
			dependencies = (
				44CA09A92B4B4B2000E150DC /* PBXTargetDependency */,
			);
			name = TokenAppTests;
			productName = TokenAppTests;
			productReference = 44CA09A42B4B4B2000E150DC /* TokenAppTests.xctest */;
			productType = "com.apple.product-type.bundle.unit-test";
		};
/* End PBXNativeTarget section */

/* Begin PBXProject section */
		44CA097F2B4B3FD700E150DC /* Project object */ = {
			isa = PBXProject;
			attributes = {
				BuildIndependentTargetsInParallel = 1;
				LastSwiftUpdateCheck = 1510;
				LastUpgradeCheck = 1510;
				TargetAttributes = {
					44CA09862B4B3FD700E150DC = {
						CreatedOnToolsVersion = 15.1;
					};
					44CA09A32B4B4B2000E150DC = {
						CreatedOnToolsVersion = 15.1;
						TestTargetID = 44CA09862B4B3FD700E150DC;
					};
				};
			};
			buildConfigurationList = 44CA09822B4B3FD700E150DC /* Build configuration list for PBXProject "TokenApp" */;
			compatibilityVersion = "Xcode 14.0";
			developmentRegion = en;
			hasScannedForEncodings = 0;
			knownRegions = (
				en,
				Base,
			);
			mainGroup = 44CA097E2B4B3FD700E150DC;
			productRefGroup = 44CA09882B4B3FD700E150DC /* Products */;
			projectDirPath = "";
			projectRoot = "";
			targets = (
				44CA09862B4B3FD700E150DC /* TokenApp */,
				44CA09A32B4B4B2000E150DC /* TokenAppTests */,
			);
		};
/* End PBXProject section */

/* Begin PBXResourcesBuildPhase section */
		44CA09852B4B3FD700E150DC /* Resources */ = {
			isa = PBXResourcesBuildPhase;
			buildActionMask = 2147483647;
			files = (
				44CA09972B4B3FDA00E150DC /* LaunchScreen.storyboard in Resources */,
				44CA09942B4B3FDA00E150DC /* Assets.xcassets in Resources */,
			);
			runOnlyForDeploymentPostprocessing = 0;
		};
		44CA09A22B4B4B2000E150DC /* Resources */ = {
			isa = PBXResourcesBuildPhase;
			buildActionMask = 2147483647;
			files = (
			);
			runOnlyForDeploymentPostprocessing = 0;
		};
/* End PBXResourcesBuildPhase section */

/* Begin PBXSourcesBuildPhase section */
		44CA09832B4B3FD700E150DC /* Sources */ = {
			isa = PBXSourcesBuildPhase;
			buildActionMask = 2147483647;
			files = (
				44CA098F2B4B3FD700E150DC /* TokenizerViewController.swift in Sources */,
				44CA09B52B4CBD5900E150DC /* NonEditableTextView.swift in Sources */,
				44CA09BD2B4CBF0800E150DC /* TokenizerView.swift in Sources */,
				44CA09B22B4B55DC00E150DC /* UIColor.swift in Sources */,
				44CA09BB2B4CBDD500E150DC /* Language.swift in Sources */,
				44CA09C22B4CC0A500E150DC /* LanguageDetectorProtocol.swift in Sources */,
				44CA099F2B4B45BD00E150DC /* Tokenizer.swift in Sources */,
				44CA09C42B4CC2C800E150DC /* TokenizerViewControllerAssembly.swift in Sources */,
				44CA09CA2B4CC3CF00E150DC /* TokenizerViewProtocolDelegate.swift in Sources */,
				44CA09C82B4CC3BD00E150DC /* TokenizerViewProtocol.swift in Sources */,
				44CA098B2B4B3FD700E150DC /* AppDelegate.swift in Sources */,
				44CA09C02B4CC08600E150DC /* TokenizerProtocol.swift in Sources */,
				44CA09AF2B4B550500E150DC /* AppColorEnum.swift in Sources */,
				44CA098D2B4B3FD700E150DC /* SceneDelegate.swift in Sources */,
				44CA09B82B4CBDAE00E150DC /* LanguageDetector.swift in Sources */,
			);
			runOnlyForDeploymentPostprocessing = 0;
		};
		44CA09A02B4B4B2000E150DC /* Sources */ = {
			isa = PBXSourcesBuildPhase;
			buildActionMask = 2147483647;
			files = (
				44CA09A72B4B4B2000E150DC /* TokenAppTests.swift in Sources */,
			);
			runOnlyForDeploymentPostprocessing = 0;
		};
/* End PBXSourcesBuildPhase section */

/* Begin PBXTargetDependency section */
		44CA09A92B4B4B2000E150DC /* PBXTargetDependency */ = {
			isa = PBXTargetDependency;
			target = 44CA09862B4B3FD700E150DC /* TokenApp */;
			targetProxy = 44CA09A82B4B4B2000E150DC /* PBXContainerItemProxy */;
		};
/* End PBXTargetDependency section */

/* Begin PBXVariantGroup section */
		44CA09952B4B3FDA00E150DC /* LaunchScreen.storyboard */ = {
			isa = PBXVariantGroup;
			children = (
				44CA09962B4B3FDA00E150DC /* Base */,
			);
			name = LaunchScreen.storyboard;
			sourceTree = "<group>";
		};
/* End PBXVariantGroup section */

/* Begin XCBuildConfiguration section */
		44CA09992B4B3FDA00E150DC /* Debug */ = {
			isa = XCBuildConfiguration;
			buildSettings = {
				ALWAYS_SEARCH_USER_PATHS = NO;
				ASSETCATALOG_COMPILER_GENERATE_SWIFT_ASSET_SYMBOL_EXTENSIONS = YES;
				CLANG_ANALYZER_NONNULL = YES;
				CLANG_ANALYZER_NUMBER_OBJECT_CONVERSION = YES_AGGRESSIVE;
				CLANG_CXX_LANGUAGE_STANDARD = "gnu++20";
				CLANG_ENABLE_MODULES = YES;
				CLANG_ENABLE_OBJC_ARC = YES;
				CLANG_ENABLE_OBJC_WEAK = YES;
				CLANG_WARN_BLOCK_CAPTURE_AUTORELEASING = YES;
				CLANG_WARN_BOOL_CONVERSION = YES;
				CLANG_WARN_COMMA = YES;
				CLANG_WARN_CONSTANT_CONVERSION = YES;
				CLANG_WARN_DEPRECATED_OBJC_IMPLEMENTATIONS = YES;
				CLANG_WARN_DIRECT_OBJC_ISA_USAGE = YES_ERROR;
				CLANG_WARN_DOCUMENTATION_COMMENTS = YES;
				CLANG_WARN_EMPTY_BODY = YES;
				CLANG_WARN_ENUM_CONVERSION = YES;
				CLANG_WARN_INFINITE_RECURSION = YES;
				CLANG_WARN_INT_CONVERSION = YES;
				CLANG_WARN_NON_LITERAL_NULL_CONVERSION = YES;
				CLANG_WARN_OBJC_IMPLICIT_RETAIN_SELF = YES;
				CLANG_WARN_OBJC_LITERAL_CONVERSION = YES;
				CLANG_WARN_OBJC_ROOT_CLASS = YES_ERROR;
				CLANG_WARN_QUOTED_INCLUDE_IN_FRAMEWORK_HEADER = YES;
				CLANG_WARN_RANGE_LOOP_ANALYSIS = YES;
				CLANG_WARN_STRICT_PROTOTYPES = YES;
				CLANG_WARN_SUSPICIOUS_MOVE = YES;
				CLANG_WARN_UNGUARDED_AVAILABILITY = YES_AGGRESSIVE;
				CLANG_WARN_UNREACHABLE_CODE = YES;
				CLANG_WARN__DUPLICATE_METHOD_MATCH = YES;
				COPY_PHASE_STRIP = NO;
				DEBUG_INFORMATION_FORMAT = dwarf;
				ENABLE_STRICT_OBJC_MSGSEND = YES;
				ENABLE_TESTABILITY = YES;
				ENABLE_USER_SCRIPT_SANDBOXING = YES;
				GCC_C_LANGUAGE_STANDARD = gnu17;
				GCC_DYNAMIC_NO_PIC = NO;
				GCC_NO_COMMON_BLOCKS = YES;
				GCC_OPTIMIZATION_LEVEL = 0;
				GCC_PREPROCESSOR_DEFINITIONS = (
					"DEBUG=1",
					"$(inherited)",
				);
				GCC_WARN_64_TO_32_BIT_CONVERSION = YES;
				GCC_WARN_ABOUT_RETURN_TYPE = YES_ERROR;
				GCC_WARN_UNDECLARED_SELECTOR = YES;
				GCC_WARN_UNINITIALIZED_AUTOS = YES_AGGRESSIVE;
				GCC_WARN_UNUSED_FUNCTION = YES;
				GCC_WARN_UNUSED_VARIABLE = YES;
				IPHONEOS_DEPLOYMENT_TARGET = 17.2;
				LOCALIZATION_PREFERS_STRING_CATALOGS = YES;
				MTL_ENABLE_DEBUG_INFO = INCLUDE_SOURCE;
				MTL_FAST_MATH = YES;
				ONLY_ACTIVE_ARCH = YES;
				SDKROOT = iphoneos;
				SWIFT_ACTIVE_COMPILATION_CONDITIONS = "DEBUG $(inherited)";
				SWIFT_OPTIMIZATION_LEVEL = "-Onone";
			};
			name = Debug;
		};
		44CA099A2B4B3FDA00E150DC /* Release */ = {
			isa = XCBuildConfiguration;
			buildSettings = {
				ALWAYS_SEARCH_USER_PATHS = NO;
				ASSETCATALOG_COMPILER_GENERATE_SWIFT_ASSET_SYMBOL_EXTENSIONS = YES;
				CLANG_ANALYZER_NONNULL = YES;
				CLANG_ANALYZER_NUMBER_OBJECT_CONVERSION = YES_AGGRESSIVE;
				CLANG_CXX_LANGUAGE_STANDARD = "gnu++20";
				CLANG_ENABLE_MODULES = YES;
				CLANG_ENABLE_OBJC_ARC = YES;
				CLANG_ENABLE_OBJC_WEAK = YES;
				CLANG_WARN_BLOCK_CAPTURE_AUTORELEASING = YES;
				CLANG_WARN_BOOL_CONVERSION = YES;
				CLANG_WARN_COMMA = YES;
				CLANG_WARN_CONSTANT_CONVERSION = YES;
				CLANG_WARN_DEPRECATED_OBJC_IMPLEMENTATIONS = YES;
				CLANG_WARN_DIRECT_OBJC_ISA_USAGE = YES_ERROR;
				CLANG_WARN_DOCUMENTATION_COMMENTS = YES;
				CLANG_WARN_EMPTY_BODY = YES;
				CLANG_WARN_ENUM_CONVERSION = YES;
				CLANG_WARN_INFINITE_RECURSION = YES;
				CLANG_WARN_INT_CONVERSION = YES;
				CLANG_WARN_NON_LITERAL_NULL_CONVERSION = YES;
				CLANG_WARN_OBJC_IMPLICIT_RETAIN_SELF = YES;
				CLANG_WARN_OBJC_LITERAL_CONVERSION = YES;
				CLANG_WARN_OBJC_ROOT_CLASS = YES_ERROR;
				CLANG_WARN_QUOTED_INCLUDE_IN_FRAMEWORK_HEADER = YES;
				CLANG_WARN_RANGE_LOOP_ANALYSIS = YES;
				CLANG_WARN_STRICT_PROTOTYPES = YES;
				CLANG_WARN_SUSPICIOUS_MOVE = YES;
				CLANG_WARN_UNGUARDED_AVAILABILITY = YES_AGGRESSIVE;
				CLANG_WARN_UNREACHABLE_CODE = YES;
				CLANG_WARN__DUPLICATE_METHOD_MATCH = YES;
				COPY_PHASE_STRIP = NO;
				DEBUG_INFORMATION_FORMAT = "dwarf-with-dsym";
				ENABLE_NS_ASSERTIONS = NO;
				ENABLE_STRICT_OBJC_MSGSEND = YES;
				ENABLE_USER_SCRIPT_SANDBOXING = YES;
				GCC_C_LANGUAGE_STANDARD = gnu17;
				GCC_NO_COMMON_BLOCKS = YES;
				GCC_WARN_64_TO_32_BIT_CONVERSION = YES;
				GCC_WARN_ABOUT_RETURN_TYPE = YES_ERROR;
				GCC_WARN_UNDECLARED_SELECTOR = YES;
				GCC_WARN_UNINITIALIZED_AUTOS = YES_AGGRESSIVE;
				GCC_WARN_UNUSED_FUNCTION = YES;
				GCC_WARN_UNUSED_VARIABLE = YES;
				IPHONEOS_DEPLOYMENT_TARGET = 17.2;
				LOCALIZATION_PREFERS_STRING_CATALOGS = YES;
				MTL_ENABLE_DEBUG_INFO = NO;
				MTL_FAST_MATH = YES;
				SDKROOT = iphoneos;
				SWIFT_COMPILATION_MODE = wholemodule;
				VALIDATE_PRODUCT = YES;
			};
			name = Release;
		};
		44CA099C2B4B3FDA00E150DC /* Debug */ = {
			isa = XCBuildConfiguration;
			buildSettings = {
				ASSETCATALOG_COMPILER_APPICON_NAME = AppIcon;
				ASSETCATALOG_COMPILER_GLOBAL_ACCENT_COLOR_NAME = AccentColor;
				CODE_SIGN_STYLE = Automatic;
				CURRENT_PROJECT_VERSION = 1;
				DEVELOPMENT_TEAM = JNM4HSTKD2;
				GENERATE_INFOPLIST_FILE = YES;
				INFOPLIST_FILE = TokenApp/Info.plist;
				INFOPLIST_KEY_UIApplicationSupportsIndirectInputEvents = YES;
				INFOPLIST_KEY_UILaunchStoryboardName = LaunchScreen;
				INFOPLIST_KEY_UISupportedInterfaceOrientations_iPad = "UIInterfaceOrientationPortrait UIInterfaceOrientationPortraitUpsideDown UIInterfaceOrientationLandscapeLeft UIInterfaceOrientationLandscapeRight";
				INFOPLIST_KEY_UISupportedInterfaceOrientations_iPhone = "UIInterfaceOrientationPortrait UIInterfaceOrientationLandscapeLeft UIInterfaceOrientationLandscapeRight";
				LD_RUNPATH_SEARCH_PATHS = (
					"$(inherited)",
					"@executable_path/Frameworks",
				);
				MARKETING_VERSION = 1.0;
				PRODUCT_BUNDLE_IDENTIFIER = dolludaa.TokenApp;
				PRODUCT_NAME = "$(TARGET_NAME)";
				SWIFT_EMIT_LOC_STRINGS = YES;
				SWIFT_VERSION = 5.0;
				TARGETED_DEVICE_FAMILY = "1,2";
			};
			name = Debug;
		};
		44CA099D2B4B3FDA00E150DC /* Release */ = {
			isa = XCBuildConfiguration;
			buildSettings = {
				ASSETCATALOG_COMPILER_APPICON_NAME = AppIcon;
				ASSETCATALOG_COMPILER_GLOBAL_ACCENT_COLOR_NAME = AccentColor;
				CODE_SIGN_STYLE = Automatic;
				CURRENT_PROJECT_VERSION = 1;
				DEVELOPMENT_TEAM = JNM4HSTKD2;
				GENERATE_INFOPLIST_FILE = YES;
				INFOPLIST_FILE = TokenApp/Info.plist;
				INFOPLIST_KEY_UIApplicationSupportsIndirectInputEvents = YES;
				INFOPLIST_KEY_UILaunchStoryboardName = LaunchScreen;
				INFOPLIST_KEY_UISupportedInterfaceOrientations_iPad = "UIInterfaceOrientationPortrait UIInterfaceOrientationPortraitUpsideDown UIInterfaceOrientationLandscapeLeft UIInterfaceOrientationLandscapeRight";
				INFOPLIST_KEY_UISupportedInterfaceOrientations_iPhone = "UIInterfaceOrientationPortrait UIInterfaceOrientationLandscapeLeft UIInterfaceOrientationLandscapeRight";
				LD_RUNPATH_SEARCH_PATHS = (
					"$(inherited)",
					"@executable_path/Frameworks",
				);
				MARKETING_VERSION = 1.0;
				PRODUCT_BUNDLE_IDENTIFIER = dolludaa.TokenApp;
				PRODUCT_NAME = "$(TARGET_NAME)";
				SWIFT_EMIT_LOC_STRINGS = YES;
				SWIFT_VERSION = 5.0;
				TARGETED_DEVICE_FAMILY = "1,2";
			};
			name = Release;
		};
		44CA09AB2B4B4B2000E150DC /* Debug */ = {
			isa = XCBuildConfiguration;
			buildSettings = {
				BUNDLE_LOADER = "$(TEST_HOST)";
				CODE_SIGN_STYLE = Automatic;
				CURRENT_PROJECT_VERSION = 1;
				DEVELOPMENT_TEAM = JNM4HSTKD2;
				GENERATE_INFOPLIST_FILE = YES;
				MARKETING_VERSION = 1.0;
				PRODUCT_BUNDLE_IDENTIFIER = dolludaa.TokenAppTests;
				PRODUCT_NAME = "$(TARGET_NAME)";
				SWIFT_EMIT_LOC_STRINGS = NO;
				SWIFT_VERSION = 5.0;
				TARGETED_DEVICE_FAMILY = "1,2";
				TEST_HOST = "$(BUILT_PRODUCTS_DIR)/TokenApp.app/$(BUNDLE_EXECUTABLE_FOLDER_PATH)/TokenApp";
			};
			name = Debug;
		};
		44CA09AC2B4B4B2000E150DC /* Release */ = {
			isa = XCBuildConfiguration;
			buildSettings = {
				BUNDLE_LOADER = "$(TEST_HOST)";
				CODE_SIGN_STYLE = Automatic;
				CURRENT_PROJECT_VERSION = 1;
				DEVELOPMENT_TEAM = JNM4HSTKD2;
				GENERATE_INFOPLIST_FILE = YES;
				MARKETING_VERSION = 1.0;
				PRODUCT_BUNDLE_IDENTIFIER = dolludaa.TokenAppTests;
				PRODUCT_NAME = "$(TARGET_NAME)";
				SWIFT_EMIT_LOC_STRINGS = NO;
				SWIFT_VERSION = 5.0;
				TARGETED_DEVICE_FAMILY = "1,2";
				TEST_HOST = "$(BUILT_PRODUCTS_DIR)/TokenApp.app/$(BUNDLE_EXECUTABLE_FOLDER_PATH)/TokenApp";
			};
			name = Release;
		};
/* End XCBuildConfiguration section */

/* Begin XCConfigurationList section */
		44CA09822B4B3FD700E150DC /* Build configuration list for PBXProject "TokenApp" */ = {
			isa = XCConfigurationList;
			buildConfigurations = (
				44CA09992B4B3FDA00E150DC /* Debug */,
				44CA099A2B4B3FDA00E150DC /* Release */,
			);
			defaultConfigurationIsVisible = 0;
			defaultConfigurationName = Release;
		};
		44CA099B2B4B3FDA00E150DC /* Build configuration list for PBXNativeTarget "TokenApp" */ = {
			isa = XCConfigurationList;
			buildConfigurations = (
				44CA099C2B4B3FDA00E150DC /* Debug */,
				44CA099D2B4B3FDA00E150DC /* Release */,
			);
			defaultConfigurationIsVisible = 0;
			defaultConfigurationName = Release;
		};
		44CA09AA2B4B4B2000E150DC /* Build configuration list for PBXNativeTarget "TokenAppTests" */ = {
			isa = XCConfigurationList;
			buildConfigurations = (
				44CA09AB2B4B4B2000E150DC /* Debug */,
				44CA09AC2B4B4B2000E150DC /* Release */,
			);
			defaultConfigurationIsVisible = 0;
			defaultConfigurationName = Release;
		};
/* End XCConfigurationList section */
	};
	rootObject = 44CA097F2B4B3FD700E150DC /* Project object */;
}
